
Microsoft Visual Studio Solution File, Format Version 12.00
# Visual Studio Version 16
VisualStudioVersion = 16.0.30320.27
MinimumVisualStudioVersion = 10.0.40219.1
Project("{FAE04EC0-301F-11D3-BF4B-00C04F79EFBC}") = "MarkSensitiveInformation", "MarkSensitiveInformation\MarkSensitiveInformation.csproj", "{1D1E0DB9-4F83-43C3-9B0C-DC259DB92CC4}"
EndProject
Global
	GlobalSection(SolutionConfigurationPlatforms) = preSolution
		Debug|Any CPU = Debug|Any CPU
		Release|Any CPU = Release|Any CPU
	EndGlobalSection
	GlobalSection(ProjectConfigurationPlatforms) = postSolution
		{1D1E0DB9-4F83-43C3-9B0C-DC259DB92CC4}.Debug|Any CPU.ActiveCfg = Debug|Any CPU
		{1D1E0DB9-4F83-43C3-9B0C-DC259DB92CC4}.Debug|Any CPU.Build.0 = Debug|Any CPU
		{1D1E0DB9-4F83-43C3-9B0C-DC259DB92CC4}.Release|Any CPU.ActiveCfg = Release|Any CPU
		{1D1E0DB9-4F83-43C3-9B0C-DC259DB92CC4}.Release|Any CPU.Build.0 = Release|Any CPU
	EndGlobalSection
	GlobalSection(SolutionProperties) = preSolution
		HideSolutionNode = FALSE
	EndGlobalSection
	GlobalSection(ExtensibilityGlobals) = postSolution
		SolutionGuid = {8F766850-E344-4C88-9B83-823E70671CE0}
	EndGlobalSection
EndGlobal
